
Microsoft Visual Studio Solution File, Format Version 12.00
# Visual Studio Version 16
VisualStudioVersion = 16.0.29806.167
MinimumVisualStudioVersion = 10.0.40219.1
Project("{FAE04EC0-301F-11D3-BF4B-00C04F79EFBC}") = "PosNetClient.Android", "PosNetClient\PosNetClient.Android\PosNetClient.Android.csproj", "{90598D35-89D1-43A1-BAA7-C6357B049D2B}"
EndProject
Project("{FAE04EC0-301F-11D3-BF4B-00C04F79EFBC}") = "PosNetClient", "PosNetClient\PosNetClient\PosNetClient.csproj", "{B6112B28-BBAA-40AE-8507-B13245E1A1F5}"
EndProject
Global
	GlobalSection(SolutionConfigurationPlatforms) = preSolution
		Debug|Any CPU = Debug|Any CPU
		Release|Any CPU = Release|Any CPU
	EndGlobalSection
	GlobalSection(ProjectConfigurationPlatforms) = postSolution
		{90598D35-89D1-43A1-BAA7-C6357B049D2B}.Debug|Any CPU.ActiveCfg = Debug|Any CPU
		{90598D35-89D1-43A1-BAA7-C6357B049D2B}.Debug|Any CPU.Build.0 = Debug|Any CPU
		{90598D35-89D1-43A1-BAA7-C6357B049D2B}.Debug|Any CPU.Deploy.0 = Debug|Any CPU
		{90598D35-89D1-43A1-BAA7-C6357B049D2B}.Release|Any CPU.ActiveCfg = Release|Any CPU
		{90598D35-89D1-43A1-BAA7-C6357B049D2B}.Release|Any CPU.Build.0 = Release|Any CPU
		{90598D35-89D1-43A1-BAA7-C6357B049D2B}.Release|Any CPU.Deploy.0 = Release|Any CPU
		{B6112B28-BBAA-40AE-8507-B13245E1A1F5}.Debug|Any CPU.ActiveCfg = Debug|Any CPU
		{B6112B28-BBAA-40AE-8507-B13245E1A1F5}.Debug|Any CPU.Build.0 = Debug|Any CPU
		{B6112B28-BBAA-40AE-8507-B13245E1A1F5}.Debug|Any CPU.Deploy.0 = Debug|Any CPU
		{B6112B28-BBAA-40AE-8507-B13245E1A1F5}.Release|Any CPU.ActiveCfg = Release|Any CPU
		{B6112B28-BBAA-40AE-8507-B13245E1A1F5}.Release|Any CPU.Build.0 = Release|Any CPU
		{B6112B28-BBAA-40AE-8507-B13245E1A1F5}.Release|Any CPU.Deploy.0 = Release|Any CPU
	EndGlobalSection
	GlobalSection(SolutionProperties) = preSolution
		HideSolutionNode = FALSE
	EndGlobalSection
	GlobalSection(ExtensibilityGlobals) = postSolution
		SolutionGuid = {08CF5154-CC9C-4354-A60A-8BB9006D24E9}
	EndGlobalSection
EndGlobal
